PODS:
  - Alamofire (4.8.2)
  - Bond (7.6.0):
    - Differ (~> 1.3)
    - ReactiveKit (~> 3.10)
  - Cuckoo (1.0.6)
  - Differ (1.4.3)
  - IQKeyboardManagerSwift (6.4.0)
  - ReactiveKit (3.19.1)
  - Realm (3.17.0):
    - Realm/Headers (= 3.17.0)
  - Realm/Headers (3.17.0)
  - RealmSwift (3.17.0):
    - Realm (= 3.17.0)
  - SwiftMessages (7.0.0):
    - SwiftMessages/App (= 7.0.0)
  - SwiftMessages/App (7.0.0)
  - Swinject (2.6.2)
  - SwinjectAutoregistration (2.6.0):
    - Swinject (~> 2.6)

DEPENDENCIES:
  - Alamofire
  - Bond (~> 7.6)
  - Cuckoo
  - IQKeyboardManagerSwift
  - RealmSwift
  - SwiftMessages
  - Swinject
  - SwinjectAutoregistration

SPEC REPOS:
  trunk:
    - Alamofire
    - Bond
    - Cuckoo
    - Differ
    - IQKeyboardManagerSwift
    - ReactiveKit
    - Realm
    - RealmSwift
    - SwiftMessages
    - Swinject
    - SwinjectAutoregistration

SPEC CHECKSUMS:
  Alamofire: ae5c501addb7afdbb13687d7f2f722c78734c2d3
  Bond: 5d626bfbbfc60b213ec35badb8f4fd81beff6a5f
  Cuckoo: 8074fc309159c4862665b83798f5ad03e061e8bd
  Differ: 6c7477d6187e8c36d02ec342a3c321061b85a0ea
  IQKeyboardManagerSwift: ed9b04ee0e3067ffba543283462d619f944b05e5
  ReactiveKit: a36ebeb959fe6852dd674cc423163bfffb7e0541
  Realm: b30db41ff34fc858ffc25ba8d44a82c164e7ccd0
  RealmSwift: fe733e459d60dc7b6971d4cbee2eb4854097d12c
  SwiftMessages: a952f7a9103d9aeab93730a2861d2d8fcdd8758f
  Swinject: cf7458774b1b00323080a9c67e47a1ee7f9d2af1
  SwinjectAutoregistration: 93a908f7543c401b0c315305ac0ae501efdbce89

PODFILE CHECKSUM: b9de65bafdad187baa114d9da83c1efaffdcb6cb

COCOAPODS: 1.11.3
