// !$*UTF8*$!
{
	archiveVersion = 1;
	classes = {
	};
	objectVersion = 50;
	objects = {

/* Begin PBXBuildFile section */
		0401A6E4972F9AF6D386214D /* Pods_AccepterTests.framework in Frameworks */ = {isa = PBXBuildFile; fileRef = C8E2AA19D5A4DFC51D1579B6 /* Pods_AccepterTests.framework */; };
		2212FA7E23BF5D1E00515D99 /* Home.storyboard in Resources */ = {isa = PBXBuildFile; fileRef = 2212FA7D23BF5D1E00515D99 /* Home.storyboard */; };
		2212FA8023BF5D7400515D99 /* HomeViewController.swift in Sources */ = {isa = PBXBuildFile; fileRef = 2212FA7F23BF5D7400515D99 /* HomeViewController.swift */; };
		2224437523ED9C09004793B6 /* CameraService.swift in Sources */ = {isa = PBXBuildFile; fileRef = 2224437423ED9C09004793B6 /* CameraService.swift */; };
		2224437823EDA8B0004793B6 /* VideoPreviewView.swift in Sources */ = {isa = PBXBuildFile; fileRef = 2224437723EDA8B0004793B6 /* VideoPreviewView.swift */; };
		222AC6D523D6E35600EF7760 /* ValidationField.xib in Resources */ = {isa = PBXBuildFile; fileRef = 222AC6D423D6E35600EF7760 /* ValidationField.xib */; };
		222AC6D723D6E3D900EF7760 /* ValidationField.swift in Sources */ = {isa = PBXBuildFile; fileRef = 222AC6D623D6E3D900EF7760 /* ValidationField.swift */; };
		222AC6DA23D6EE0200EF7760 /* FieldName.swift in Sources */ = {isa = PBXBuildFile; fileRef = 222AC6D923D6EE0200EF7760 /* FieldName.swift */; };
		222C8E0023CDA81E0002B1EE /* HomeViewModel.swift in Sources */ = {isa = PBXBuildFile; fileRef = 222C8DFF23CDA81E0002B1EE /* HomeViewModel.swift */; };
		223FB70C23DEE01800D78BEF /* Accepter_Mocks.framework in Frameworks */ = {isa = PBXBuildFile; fileRef = 223FB70B23DEE01800D78BEF /* Accepter_Mocks.framework */; };
		223FB70D23DEE01800D78BEF /* Accepter_Mocks.framework in Embed Frameworks */ = {isa = PBXBuildFile; fileRef = 223FB70B23DEE01800D78BEF /* Accepter_Mocks.framework */; settings = {ATTRIBUTES = (CodeSignOnCopy, RemoveHeadersOnCopy, ); }; };
		223FB71323DEF2C000D78BEF /* LoginResponse.swift in Sources */ = {isa = PBXBuildFile; fileRef = 223FB71223DEF2C000D78BEF /* LoginResponse.swift */; };
		223FB71523DEFAE600D78BEF /* Constants.swift in Sources */ = {isa = PBXBuildFile; fileRef = 223FB71423DEFAE600D78BEF /* Constants.swift */; };
		224AAA3323F5676B009B9D1D /* AccepterUITests.swift in Sources */ = {isa = PBXBuildFile; fileRef = 224AAA3223F5676B009B9D1D /* AccepterUITests.swift */; };
		2254906F23E18AE000CF31D7 /* ExpensesService.swift in Sources */ = {isa = PBXBuildFile; fileRef = 2254906E23E18ADF00CF31D7 /* ExpensesService.swift */; };
		2255DF5523E8203200B44458 /* ExpenseEditCoordinator.swift in Sources */ = {isa = PBXBuildFile; fileRef = 2255DF5423E8203200B44458 /* ExpenseEditCoordinator.swift */; };
		2255DF5723E8623C00B44458 /* TextRecognitionService.swift in Sources */ = {isa = PBXBuildFile; fileRef = 2255DF5623E8623C00B44458 /* TextRecognitionService.swift */; };
		2258BFA123E2D13D0011E5EF /* FileService.swift in Sources */ = {isa = PBXBuildFile; fileRef = 2258BFA023E2D13D0011E5EF /* FileService.swift */; };
		2258BFA423E2F1650011E5EF /* AttachmentThumbnailCell.swift in Sources */ = {isa = PBXBuildFile; fileRef = 2258BFA323E2F1650011E5EF /* AttachmentThumbnailCell.swift */; };
		2264884F23DAE13000B6852D /* DashboardSummaryItem.xib in Resources */ = {isa = PBXBuildFile; fileRef = 2264884E23DAE13000B6852D /* DashboardSummaryItem.xib */; };
		2264885123DAE13A00B6852D /* DashboardSummaryItem.swift in Sources */ = {isa = PBXBuildFile; fileRef = 2264885023DAE13A00B6852D /* DashboardSummaryItem.swift */; };
		2264885423DAFF8500B6852D /* UISingleTouchGestureRecognizer.swift in Sources */ = {isa = PBXBuildFile; fileRef = 2264885323DAFF8500B6852D /* UISingleTouchGestureRecognizer.swift */; };
		2264885623DB294A00B6852D /* AppSettings.swift in Sources */ = {isa = PBXBuildFile; fileRef = 2264885523DB294A00B6852D /* AppSettings.swift */; };
		2264885923DB2ED100B6852D /* WebRequestService.swift in Sources */ = {isa = PBXBuildFile; fileRef = 2264885823DB2ED100B6852D /* WebRequestService.swift */; };
		2264885B23DB2EF900B6852D /* UrlSessionWebRequestService.swift in Sources */ = {isa = PBXBuildFile; fileRef = 2264885A23DB2EF900B6852D /* UrlSessionWebRequestService.swift */; };
		2264885D23DB2F0200B6852D /* AlamofireWebRequestService.swift in Sources */ = {isa = PBXBuildFile; fileRef = 2264885C23DB2F0200B6852D /* AlamofireWebRequestService.swift */; };
		2264886023DB320A00B6852D /* LoginRequest.swift in Sources */ = {isa = PBXBuildFile; fileRef = 2264885F23DB320A00B6852D /* LoginRequest.swift */; };
		227E08EE23E04EF0000C74D7 /* UserService.swift in Sources */ = {isa = PBXBuildFile; fileRef = 227E08ED23E04EF0000C74D7 /* UserService.swift */; };
		227E08F023E05F6C000C74D7 /* Token.swift in Sources */ = {isa = PBXBuildFile; fileRef = 227E08EF23E05F6C000C74D7 /* Token.swift */; };
		2296198523F6BCF50060DE52 /* UserServiceTests.swift in Sources */ = {isa = PBXBuildFile; fileRef = 2296198423F6BCF50060DE52 /* UserServiceTests.swift */; };
		2296198823F6C58F0060DE52 /* GeneratedMocks.swift in Sources */ = {isa = PBXBuildFile; fileRef = 2296198723F6C58F0060DE52 /* GeneratedMocks.swift */; };
		229ADB0C23E97AD8000854F5 /* DetectedTextLayer.swift in Sources */ = {isa = PBXBuildFile; fileRef = 229ADB0B23E97AD8000854F5 /* DetectedTextLayer.swift */; };
		22AC17E823AA670700663D66 /* AppDelegate.swift in Sources */ = {isa = PBXBuildFile; fileRef = 22AC17E723AA670700663D66 /* AppDelegate.swift */; };
		22AC17F123AA670A00663D66 /* Assets.xcassets in Resources */ = {isa = PBXBuildFile; fileRef = 22AC17F023AA670A00663D66 /* Assets.xcassets */; };
		22AC17F423AA670A00663D66 /* LaunchScreen.storyboard in Resources */ = {isa = PBXBuildFile; fileRef = 22AC17F223AA670A00663D66 /* LaunchScreen.storyboard */; };
		22AC17FF23AA682300663D66 /* Login.storyboard in Resources */ = {isa = PBXBuildFile; fileRef = 22AC17FE23AA682300663D66 /* Login.storyboard */; };
		22AC180123AA68D900663D66 /* LoginViewController.swift in Sources */ = {isa = PBXBuildFile; fileRef = 22AC180023AA68D900663D66 /* LoginViewController.swift */; };
		22ADA54923D72DAF00BCFE63 /* Bond+Realm.swift in Sources */ = {isa = PBXBuildFile; fileRef = 22ADA54823D72DAF00BCFE63 /* Bond+Realm.swift */; };
		22B3A4F523EC09D900580C19 /* ImageService.swift in Sources */ = {isa = PBXBuildFile; fileRef = 22B3A4F423EC09D900580C19 /* ImageService.swift */; };
		22B3A4F723EC1FB300580C19 /* ImagePickerHelper.swift in Sources */ = {isa = PBXBuildFile; fileRef = 22B3A4F623EC1FB300580C19 /* ImagePickerHelper.swift */; };
		22B3A4FB23EC56A000580C19 /* CameraViewController.swift in Sources */ = {isa = PBXBuildFile; fileRef = 22B3A4FA23EC56A000580C19 /* CameraViewController.swift */; };
		22B3A4FD23EC58C800580C19 /* CameraCoordinator.swift in Sources */ = {isa = PBXBuildFile; fileRef = 22B3A4FC23EC58C800580C19 /* CameraCoordinator.swift */; };
		22B92C4E23D8498F00AEB0EA /* DialogService.swift in Sources */ = {isa = PBXBuildFile; fileRef = 22B92C4D23D8498F00AEB0EA /* DialogService.swift */; };
		22B92C5023D8867C00AEB0EA /* User.swift in Sources */ = {isa = PBXBuildFile; fileRef = 22B92C4F23D8867C00AEB0EA /* User.swift */; };
		22B92C5223D8895400AEB0EA /* AuthorizationService.swift in Sources */ = {isa = PBXBuildFile; fileRef = 22B92C5123D8895400AEB0EA /* AuthorizationService.swift */; };
		22D07D5823D1D14100B1FADE /* Main.storyboard in Resources */ = {isa = PBXBuildFile; fileRef = 22D07D5723D1D14100B1FADE /* Main.storyboard */; };
		22D07D5A23D1D1AE00B1FADE /* Expense.storyboard in Resources */ = {isa = PBXBuildFile; fileRef = 22D07D5923D1D1AE00B1FADE /* Expense.storyboard */; };
		22D07D5C23D1D1CC00B1FADE /* ExpenseViewController.swift in Sources */ = {isa = PBXBuildFile; fileRef = 22D07D5B23D1D1CC00B1FADE /* ExpenseViewController.swift */; };
		22D07D5E23D1D20600B1FADE /* SettingsViewController.swift in Sources */ = {isa = PBXBuildFile; fileRef = 22D07D5D23D1D20600B1FADE /* SettingsViewController.swift */; };
		22D07D6023D1D21700B1FADE /* Settings.storyboard in Resources */ = {isa = PBXBuildFile; fileRef = 22D07D5F23D1D21700B1FADE /* Settings.storyboard */; };
		22D07D6223D1D33E00B1FADE /* MainTabBarController.swift in Sources */ = {isa = PBXBuildFile; fileRef = 22D07D6123D1D33E00B1FADE /* MainTabBarController.swift */; };
		22D07D6423D1D4FC00B1FADE /* ExpenseCoordinator.swift in Sources */ = {isa = PBXBuildFile; fileRef = 22D07D6323D1D4FC00B1FADE /* ExpenseCoordinator.swift */; };
		22D07D6623D1D55900B1FADE /* SettingsCoordinator.swift in Sources */ = {isa = PBXBuildFile; fileRef = 22D07D6523D1D55900B1FADE /* SettingsCoordinator.swift */; };
		22D07D6823D1D59C00B1FADE /* MainCoordinator.swift in Sources */ = {isa = PBXBuildFile; fileRef = 22D07D6723D1D59C00B1FADE /* MainCoordinator.swift */; };
		22D07D6A23D1DBCF00B1FADE /* AppCoordinator.swift in Sources */ = {isa = PBXBuildFile; fileRef = 22D07D6923D1DBCF00B1FADE /* AppCoordinator.swift */; };
		22D70A5823D5BDEA0031E0E5 /* SettingsViewModel.swift in Sources */ = {isa = PBXBuildFile; fileRef = 22D70A5723D5BDEA0031E0E5 /* SettingsViewModel.swift */; };
		22D70A5A23D5C57B0031E0E5 /* ExpenseViewModel.swift in Sources */ = {isa = PBXBuildFile; fileRef = 22D70A5923D5C57B0031E0E5 /* ExpenseViewModel.swift */; };
		22D70A5E23D5CC810031E0E5 /* ExpenseListViewController.swift in Sources */ = {isa = PBXBuildFile; fileRef = 22D70A5D23D5CC810031E0E5 /* ExpenseListViewController.swift */; };
		22D70A6023D5CCD90031E0E5 /* ExpenseList.storyboard in Resources */ = {isa = PBXBuildFile; fileRef = 22D70A5F23D5CCD90031E0E5 /* ExpenseList.storyboard */; };
		22D70A6223D5CD180031E0E5 /* ExpenseListCoordinator.swift in Sources */ = {isa = PBXBuildFile; fileRef = 22D70A6123D5CD180031E0E5 /* ExpenseListCoordinator.swift */; };
		22D70A6423D5CD600031E0E5 /* ExpenseListViewModel.swift in Sources */ = {isa = PBXBuildFile; fileRef = 22D70A6323D5CD600031E0E5 /* ExpenseListViewModel.swift */; };
		22D70A6A23D5F2C40031E0E5 /* Expense.swift in Sources */ = {isa = PBXBuildFile; fileRef = 22D70A6923D5F2C40031E0E5 /* Expense.swift */; };
		22DDF45423D70B390014CB73 /* LocalStorageService.swift in Sources */ = {isa = PBXBuildFile; fileRef = 22DDF45323D70B390014CB73 /* LocalStorageService.swift */; };
		22E0B88D23E43AE40063C1A9 /* AttachmentPreview.storyboard in Resources */ = {isa = PBXBuildFile; fileRef = 22E0B88C23E43AE40063C1A9 /* AttachmentPreview.storyboard */; };
		22E0B88F23E43AFF0063C1A9 /* AttachmentPreviewViewController.swift in Sources */ = {isa = PBXBuildFile; fileRef = 22E0B88E23E43AFF0063C1A9 /* AttachmentPreviewViewController.swift */; };
		22E8E6C323EACC390069371C /* AttachmentTextSelectionDelegate.swift in Sources */ = {isa = PBXBuildFile; fileRef = 22E8E6C223EACC390069371C /* AttachmentTextSelectionDelegate.swift */; };
		22E8E6C723EB03710069371C /* DocumentAnalysisService.swift in Sources */ = {isa = PBXBuildFile; fileRef = 22E8E6C623EB03710069371C /* DocumentAnalysisService.swift */; };
		22E8E6C923EB0FC90069371C /* CGRect.swift in Sources */ = {isa = PBXBuildFile; fileRef = 22E8E6C823EB0FC90069371C /* CGRect.swift */; };
		22E8E6CB23EB11230069371C /* ImageTextElement.swift in Sources */ = {isa = PBXBuildFile; fileRef = 22E8E6CA23EB11230069371C /* ImageTextElement.swift */; };
		22EB6B3523F2998A00400041 /* Camera.storyboard in Resources */ = {isa = PBXBuildFile; fileRef = 22EB6B3423F2998A00400041 /* Camera.storyboard */; };
		22EB6B3723F2CB1900400041 /* TabBarChildController.swift in Sources */ = {isa = PBXBuildFile; fileRef = 22EB6B3623F2CB1900400041 /* TabBarChildController.swift */; };
		22F86E0923CCA102004F62C4 /* LoginViewModel.swift in Sources */ = {isa = PBXBuildFile; fileRef = 22F86E0823CCA102004F62C4 /* LoginViewModel.swift */; };
		22F86E0C23CCAE7A004F62C4 /* Coordinator.swift in Sources */ = {isa = PBXBuildFile; fileRef = 22F86E0B23CCAE7A004F62C4 /* Coordinator.swift */; };
		22F86E0E23CCB098004F62C4 /* Storyboarded.swift in Sources */ = {isa = PBXBuildFile; fileRef = 22F86E0D23CCB098004F62C4 /* Storyboarded.swift */; };
		22F86E1023CCB428004F62C4 /* HomeCoordinator.swift in Sources */ = {isa = PBXBuildFile; fileRef = 22F86E0F23CCB428004F62C4 /* HomeCoordinator.swift */; };
		22FDD0A523F4044D007F1224 /* ImageTextElementTests.swift in Sources */ = {isa = PBXBuildFile; fileRef = 22FDD0A423F4044D007F1224 /* ImageTextElementTests.swift */; };
		22FDD0A823F4236C007F1224 /* CGRectTests.swift in Sources */ = {isa = PBXBuildFile; fileRef = 22FDD0A723F4236C007F1224 /* CGRectTests.swift */; };
		22FDD0AB23F42FFD007F1224 /* DocumentAnalysisServiceTests.swift in Sources */ = {isa = PBXBuildFile; fileRef = 22FDD0AA23F42FFD007F1224 /* DocumentAnalysisServiceTests.swift */; };
		F3FF8A7C3D41B949A424268D /* Pods_Accepter.framework in Frameworks */ = {isa = PBXBuildFile; fileRef = 7EEA5AB40A9DAE97E6B11345 /* Pods_Accepter.framework */; };
/* End PBXBuildFile section */

/* Begin PBXContainerItemProxy section */
		224AAA3523F5676B009B9D1D /* PBXContainerItemProxy */ = {
			isa = PBXContainerItemProxy;
			containerPortal = 22AC17DC23AA670700663D66 /* Project object */;
			proxyType = 1;
			remoteGlobalIDString = 22AC17E323AA670700663D66;
			remoteInfo = Accepter;
		};
		22FDD09E23F4039F007F1224 /* PBXContainerItemProxy */ = {
			isa = PBXContainerItemProxy;
			containerPortal = 22AC17DC23AA670700663D66 /* Project object */;
			proxyType = 1;
			remoteGlobalIDString = 22AC17E323AA670700663D66;
			remoteInfo = Accepter;
		};
/* End PBXContainerItemProxy section */

/* Begin PBXCopyFilesBuildPhase section */
		223FB70E23DEE01800D78BEF /* Embed Frameworks */ = {
			isa = PBXCopyFilesBuildPhase;
			buildActionMask = 2147483647;
			dstPath = "";
			dstSubfolderSpec = 10;
			files = (
				223FB70D23DEE01800D78BEF /* Accepter_Mocks.framework in Embed Frameworks */,
			);
			name = "Embed Frameworks";
			runOnlyForDeploymentPostprocessing = 0;
		};
/* End PBXCopyFilesBuildPhase section */

/* Begin PBXFileReference section */
		13E083BABD5D22B3F488F75F /* Pods-AccepterTests.release.xcconfig */ = {isa = PBXFileReference; includeInIndex = 1; lastKnownFileType = text.xcconfig; name = "Pods-AccepterTests.release.xcconfig"; path = "Pods/Target Support Files/Pods-AccepterTests/Pods-AccepterTests.release.xcconfig"; sourceTree = "<group>"; };
		2212FA7D23BF5D1E00515D99 /* Home.storyboard */ = {isa = PBXFileReference; lastKnownFileType = file.storyboard; path = Home.storyboard; sourceTree = "<group>"; };
		2212FA7F23BF5D7400515D99 /* HomeViewController.swift */ = {isa = PBXFileReference; lastKnownFileType = sourcecode.swift; path = HomeViewController.swift; sourceTree = "<group>"; };
		2224437423ED9C09004793B6 /* CameraService.swift */ = {isa = PBXFileReference; lastKnownFileType = sourcecode.swift; path = CameraService.swift; sourceTree = "<group>"; };
		2224437723EDA8B0004793B6 /* VideoPreviewView.swift */ = {isa = PBXFileReference; lastKnownFileType = sourcecode.swift; path = VideoPreviewView.swift; sourceTree = "<group>"; };
		222AC6D423D6E35600EF7760 /* ValidationField.xib */ = {isa = PBXFileReference; lastKnownFileType = file.xib; path = ValidationField.xib; sourceTree = "<group>"; };
		222AC6D623D6E3D900EF7760 /* ValidationField.swift */ = {isa = PBXFileReference; lastKnownFileType = sourcecode.swift; path = ValidationField.swift; sourceTree = "<group>"; };
		222AC6D923D6EE0200EF7760 /* FieldName.swift */ = {isa = PBXFileReference; lastKnownFileType = sourcecode.swift; path = FieldName.swift; sourceTree = "<group>"; };
		222C8DFF23CDA81E0002B1EE /* HomeViewModel.swift */ = {isa = PBXFileReference; lastKnownFileType = sourcecode.swift; path = HomeViewModel.swift; sourceTree = "<group>"; };
		223FB70B23DEE01800D78BEF /* Accepter_Mocks.framework */ = {isa = PBXFileReference; explicitFileType = wrapper.framework; path = Accepter_Mocks.framework; sourceTree = BUILT_PRODUCTS_DIR; };
		223FB71223DEF2C000D78BEF /* LoginResponse.swift */ = {isa = PBXFileReference; lastKnownFileType = sourcecode.swift; path = LoginResponse.swift; sourceTree = "<group>"; };
		223FB71423DEFAE600D78BEF /* Constants.swift */ = {isa = PBXFileReference; lastKnownFileType = sourcecode.swift; path = Constants.swift; sourceTree = "<group>"; };
		224AAA3023F5676B009B9D1D /* AccepterUITests.xctest */ = {isa = PBXFileReference; explicitFileType = wrapper.cfbundle; includeInIndex = 0; path = AccepterUITests.xctest; sourceTree = BUILT_PRODUCTS_DIR; };
		224AAA3223F5676B009B9D1D /* AccepterUITests.swift */ = {isa = PBXFileReference; lastKnownFileType = sourcecode.swift; path = AccepterUITests.swift; sourceTree = "<group>"; };
		224AAA3423F5676B009B9D1D /* Info.plist */ = {isa = PBXFileReference; lastKnownFileType = text.plist.xml; path = Info.plist; sourceTree = "<group>"; };
		2254906E23E18ADF00CF31D7 /* ExpensesService.swift */ = {isa = PBXFileReference; lastKnownFileType = sourcecode.swift; path = ExpensesService.swift; sourceTree = "<group>"; };
		2255DF5423E8203200B44458 /* ExpenseEditCoordinator.swift */ = {isa = PBXFileReference; lastKnownFileType = sourcecode.swift; path = ExpenseEditCoordinator.swift; sourceTree = "<group>"; };
		2255DF5623E8623C00B44458 /* TextRecognitionService.swift */ = {isa = PBXFileReference; lastKnownFileType = sourcecode.swift; path = TextRecognitionService.swift; sourceTree = "<group>"; };
		2258BFA023E2D13D0011E5EF /* FileService.swift */ = {isa = PBXFileReference; lastKnownFileType = sourcecode.swift; path = FileService.swift; sourceTree = "<group>"; };
		2258BFA323E2F1650011E5EF /* AttachmentThumbnailCell.swift */ = {isa = PBXFileReference; lastKnownFileType = sourcecode.swift; path = AttachmentThumbnailCell.swift; sourceTree = "<group>"; };
		2264884E23DAE13000B6852D /* DashboardSummaryItem.xib */ = {isa = PBXFileReference; lastKnownFileType = file.xib; path = DashboardSummaryItem.xib; sourceTree = "<group>"; };
		2264885023DAE13A00B6852D /* DashboardSummaryItem.swift */ = {isa = PBXFileReference; lastKnownFileType = sourcecode.swift; path = DashboardSummaryItem.swift; sourceTree = "<group>"; };
		2264885323DAFF8500B6852D /* UISingleTouchGestureRecognizer.swift */ = {isa = PBXFileReference; lastKnownFileType = sourcecode.swift; path = UISingleTouchGestureRecognizer.swift; sourceTree = "<group>"; };
		2264885523DB294A00B6852D /* AppSettings.swift */ = {isa = PBXFileReference; lastKnownFileType = sourcecode.swift; path = AppSettings.swift; sourceTree = "<group>"; };
		2264885823DB2ED100B6852D /* WebRequestService.swift */ = {isa = PBXFileReference; lastKnownFileType = sourcecode.swift; path = WebRequestService.swift; sourceTree = "<group>"; };
		2264885A23DB2EF900B6852D /* UrlSessionWebRequestService.swift */ = {isa = PBXFileReference; lastKnownFileType = sourcecode.swift; path = UrlSessionWebRequestService.swift; sourceTree = "<group>"; };
		2264885C23DB2F0200B6852D /* AlamofireWebRequestService.swift */ = {isa = PBXFileReference; lastKnownFileType = sourcecode.swift; path = AlamofireWebRequestService.swift; sourceTree = "<group>"; };
		2264885F23DB320A00B6852D /* LoginRequest.swift */ = {isa = PBXFileReference; lastKnownFileType = sourcecode.swift; path = LoginRequest.swift; sourceTree = "<group>"; };
		227E08ED23E04EF0000C74D7 /* UserService.swift */ = {isa = PBXFileReference; lastKnownFileType = sourcecode.swift; path = UserService.swift; sourceTree = "<group>"; };
		227E08EF23E05F6C000C74D7 /* Token.swift */ = {isa = PBXFileReference; lastKnownFileType = sourcecode.swift; path = Token.swift; sourceTree = "<group>"; };
		2296198423F6BCF50060DE52 /* UserServiceTests.swift */ = {isa = PBXFileReference; lastKnownFileType = sourcecode.swift; path = UserServiceTests.swift; sourceTree = "<group>"; };
		2296198723F6C58F0060DE52 /* GeneratedMocks.swift */ = {isa = PBXFileReference; fileEncoding = 4; lastKnownFileType = sourcecode.swift; path = GeneratedMocks.swift; sourceTree = "<group>"; };
		229ADB0B23E97AD8000854F5 /* DetectedTextLayer.swift */ = {isa = PBXFileReference; lastKnownFileType = sourcecode.swift; path = DetectedTextLayer.swift; sourceTree = "<group>"; };
		22AC17E423AA670700663D66 /* Accepter.app */ = {isa = PBXFileReference; explicitFileType = wrapper.application; includeInIndex = 0; path = Accepter.app; sourceTree = BUILT_PRODUCTS_DIR; };
		22AC17E723AA670700663D66 /* AppDelegate.swift */ = {isa = PBXFileReference; lastKnownFileType = sourcecode.swift; path = AppDelegate.swift; sourceTree = "<group>"; };
		22AC17F023AA670A00663D66 /* Assets.xcassets */ = {isa = PBXFileReference; lastKnownFileType = folder.assetcatalog; path = Assets.xcassets; sourceTree = "<group>"; };
		22AC17F323AA670A00663D66 /* Base */ = {isa = PBXFileReference; lastKnownFileType = file.storyboard; name = Base; path = Base.lproj/LaunchScreen.storyboard; sourceTree = "<group>"; };
		22AC17F523AA670A00663D66 /* Info.plist */ = {isa = PBXFileReference; lastKnownFileType = text.plist.xml; path = Info.plist; sourceTree = "<group>"; };
		22AC17FE23AA682300663D66 /* Login.storyboard */ = {isa = PBXFileReference; lastKnownFileType = file.storyboard; path = Login.storyboard; sourceTree = "<group>"; };
		22AC180023AA68D900663D66 /* LoginViewController.swift */ = {isa = PBXFileReference; lastKnownFileType = sourcecode.swift; path = LoginViewController.swift; sourceTree = "<group>"; };
		22ADA54823D72DAF00BCFE63 /* Bond+Realm.swift */ = {isa = PBXFileReference; lastKnownFileType = sourcecode.swift; path = "Bond+Realm.swift"; sourceTree = "<group>"; };
		22B3A4F423EC09D900580C19 /* ImageService.swift */ = {isa = PBXFileReference; lastKnownFileType = sourcecode.swift; path = ImageService.swift; sourceTree = "<group>"; };
		22B3A4F623EC1FB300580C19 /* ImagePickerHelper.swift */ = {isa = PBXFileReference; lastKnownFileType = sourcecode.swift; path = ImagePickerHelper.swift; sourceTree = "<group>"; };
		22B3A4FA23EC56A000580C19 /* CameraViewController.swift */ = {isa = PBXFileReference; lastKnownFileType = sourcecode.swift; path = CameraViewController.swift; sourceTree = "<group>"; };
		22B3A4FC23EC58C800580C19 /* CameraCoordinator.swift */ = {isa = PBXFileReference; lastKnownFileType = sourcecode.swift; path = CameraCoordinator.swift; sourceTree = "<group>"; };
		22B92C4D23D8498F00AEB0EA /* DialogService.swift */ = {isa = PBXFileReference; lastKnownFileType = sourcecode.swift; path = DialogService.swift; sourceTree = "<group>"; };
		22B92C4F23D8867C00AEB0EA /* User.swift */ = {isa = PBXFileReference; lastKnownFileType = sourcecode.swift; path = User.swift; sourceTree = "<group>"; };
		22B92C5123D8895400AEB0EA /* AuthorizationService.swift */ = {isa = PBXFileReference; lastKnownFileType = sourcecode.swift; path = AuthorizationService.swift; sourceTree = "<group>"; };
		22D07D5723D1D14100B1FADE /* Main.storyboard */ = {isa = PBXFileReference; lastKnownFileType = file.storyboard; path = Main.storyboard; sourceTree = "<group>"; };
		22D07D5923D1D1AE00B1FADE /* Expense.storyboard */ = {isa = PBXFileReference; lastKnownFileType = file.storyboard; path = Expense.storyboard; sourceTree = "<group>"; };
		22D07D5B23D1D1CC00B1FADE /* ExpenseViewController.swift */ = {isa = PBXFileReference; lastKnownFileType = sourcecode.swift; path = ExpenseViewController.swift; sourceTree = "<group>"; };
		22D07D5D23D1D20600B1FADE /* SettingsViewController.swift */ = {isa = PBXFileReference; lastKnownFileType = sourcecode.swift; name = SettingsViewController.swift; path = Accepter/ViewControllers/SettingsViewController.swift; sourceTree = SOURCE_ROOT; };
		22D07D5F23D1D21700B1FADE /* Settings.storyboard */ = {isa = PBXFileReference; lastKnownFileType = file.storyboard; path = Settings.storyboard; sourceTree = "<group>"; };
		22D07D6123D1D33E00B1FADE /* MainTabBarController.swift */ = {isa = PBXFileReference; lastKnownFileType = sourcecode.swift; path = MainTabBarController.swift; sourceTree = "<group>"; };
		22D07D6323D1D4FC00B1FADE /* ExpenseCoordinator.swift */ = {isa = PBXFileReference; lastKnownFileType = sourcecode.swift; path = ExpenseCoordinator.swift; sourceTree = "<group>"; };
		22D07D6523D1D55900B1FADE /* SettingsCoordinator.swift */ = {isa = PBXFileReference; lastKnownFileType = sourcecode.swift; path = SettingsCoordinator.swift; sourceTree = "<group>"; };
		22D07D6723D1D59C00B1FADE /* MainCoordinator.swift */ = {isa = PBXFileReference; lastKnownFileType = sourcecode.swift; path = MainCoordinator.swift; sourceTree = "<group>"; };
		22D07D6923D1DBCF00B1FADE /* AppCoordinator.swift */ = {isa = PBXFileReference; lastKnownFileType = sourcecode.swift; path = AppCoordinator.swift; sourceTree = "<group>"; };
		22D70A5723D5BDEA0031E0E5 /* SettingsViewModel.swift */ = {isa = PBXFileReference; lastKnownFileType = sourcecode.swift; path = SettingsViewModel.swift; sourceTree = "<group>"; };
		22D70A5923D5C57B0031E0E5 /* ExpenseViewModel.swift */ = {isa = PBXFileReference; lastKnownFileType = sourcecode.swift; path = ExpenseViewModel.swift; sourceTree = "<group>"; };
		22D70A5D23D5CC810031E0E5 /* ExpenseListViewController.swift */ = {isa = PBXFileReference; lastKnownFileType = sourcecode.swift; path = ExpenseListViewController.swift; sourceTree = "<group>"; };
		22D70A5F23D5CCD90031E0E5 /* ExpenseList.storyboard */ = {isa = PBXFileReference; lastKnownFileType = file.storyboard; path = ExpenseList.storyboard; sourceTree = "<group>"; };
		22D70A6123D5CD180031E0E5 /* ExpenseListCoordinator.swift */ = {isa = PBXFileReference; lastKnownFileType = sourcecode.swift; path = ExpenseListCoordinator.swift; sourceTree = "<group>"; };
		22D70A6323D5CD600031E0E5 /* ExpenseListViewModel.swift */ = {isa = PBXFileReference; lastKnownFileType = sourcecode.swift; path = ExpenseListViewModel.swift; sourceTree = "<group>"; };
		22D70A6923D5F2C40031E0E5 /* Expense.swift */ = {isa = PBXFileReference; lastKnownFileType = sourcecode.swift; path = Expense.swift; sourceTree = "<group>"; };
		22DDF45323D70B390014CB73 /* LocalStorageService.swift */ = {isa = PBXFileReference; lastKnownFileType = sourcecode.swift; path = LocalStorageService.swift; sourceTree = "<group>"; };
		22E0B88C23E43AE40063C1A9 /* AttachmentPreview.storyboard */ = {isa = PBXFileReference; lastKnownFileType = file.storyboard; path = AttachmentPreview.storyboard; sourceTree = "<group>"; };
		22E0B88E23E43AFF0063C1A9 /* AttachmentPreviewViewController.swift */ = {isa = PBXFileReference; lastKnownFileType = sourcecode.swift; path = AttachmentPreviewViewController.swift; sourceTree = "<group>"; };
		22E8E6C223EACC390069371C /* AttachmentTextSelectionDelegate.swift */ = {isa = PBXFileReference; lastKnownFileType = sourcecode.swift; path = AttachmentTextSelectionDelegate.swift; sourceTree = "<group>"; };
		22E8E6C623EB03710069371C /* DocumentAnalysisService.swift */ = {isa = PBXFileReference; lastKnownFileType = sourcecode.swift; path = DocumentAnalysisService.swift; sourceTree = "<group>"; };
		22E8E6C823EB0FC90069371C /* CGRect.swift */ = {isa = PBXFileReference; lastKnownFileType = sourcecode.swift; path = CGRect.swift; sourceTree = "<group>"; };
		22E8E6CA23EB11230069371C /* ImageTextElement.swift */ = {isa = PBXFileReference; lastKnownFileType = sourcecode.swift; path = ImageTextElement.swift; sourceTree = "<group>"; };
		22EB6B3423F2998A00400041 /* Camera.storyboard */ = {isa = PBXFileReference; lastKnownFileType = file.storyboard; path = Camera.storyboard; sourceTree = "<group>"; };
		22EB6B3623F2CB1900400041 /* TabBarChildController.swift */ = {isa = PBXFileReference; lastKnownFileType = sourcecode.swift; path = TabBarChildController.swift; sourceTree = "<group>"; };
		22F86E0823CCA102004F62C4 /* LoginViewModel.swift */ = {isa = PBXFileReference; lastKnownFileType = sourcecode.swift; path = LoginViewModel.swift; sourceTree = "<group>"; };
		22F86E0B23CCAE7A004F62C4 /* Coordinator.swift */ = {isa = PBXFileReference; lastKnownFileType = sourcecode.swift; path = Coordinator.swift; sourceTree = "<group>"; };
		22F86E0D23CCB098004F62C4 /* Storyboarded.swift */ = {isa = PBXFileReference; lastKnownFileType = sourcecode.swift; path = Storyboarded.swift; sourceTree = "<group>"; };
		22F86E0F23CCB428004F62C4 /* HomeCoordinator.swift */ = {isa = PBXFileReference; lastKnownFileType = sourcecode.swift; path = HomeCoordinator.swift; sourceTree = "<group>"; };
		22FDD09923F4039F007F1224 /* AccepterTests.xctest */ = {isa = PBXFileReference; explicitFileType = wrapper.cfbundle; includeInIndex = 0; path = AccepterTests.xctest; sourceTree = BUILT_PRODUCTS_DIR; };
		22FDD09D23F4039F007F1224 /* Info.plist */ = {isa = PBXFileReference; lastKnownFileType = text.plist.xml; path = Info.plist; sourceTree = "<group>"; };
		22FDD0A423F4044D007F1224 /* ImageTextElementTests.swift */ = {isa = PBXFileReference; lastKnownFileType = sourcecode.swift; path = ImageTextElementTests.swift; sourceTree = "<group>"; };
		22FDD0A723F4236C007F1224 /* CGRectTests.swift */ = {isa = PBXFileReference; lastKnownFileType = sourcecode.swift; path = CGRectTests.swift; sourceTree = "<group>"; };
		22FDD0AA23F42FFD007F1224 /* DocumentAnalysisServiceTests.swift */ = {isa = PBXFileReference; lastKnownFileType = sourcecode.swift; path = DocumentAnalysisServiceTests.swift; sourceTree = "<group>"; };
		39A0FB098A56CF3027FCF052 /* Pods-Accepter.release.xcconfig */ = {isa = PBXFileReference; includeInIndex = 1; lastKnownFileType = text.xcconfig; name = "Pods-Accepter.release.xcconfig"; path = "Pods/Target Support Files/Pods-Accepter/Pods-Accepter.release.xcconfig"; sourceTree = "<group>"; };
		59976E6FA14E18F900D372BD /* Pods-Accepter.debug.xcconfig */ = {isa = PBXFileReference; includeInIndex = 1; lastKnownFileType = text.xcconfig; name = "Pods-Accepter.debug.xcconfig"; path = "Pods/Target Support Files/Pods-Accepter/Pods-Accepter.debug.xcconfig"; sourceTree = "<group>"; };
		651E1FDE479E623185A30D56 /* Pods-AccepterTests.debug.xcconfig */ = {isa = PBXFileReference; includeInIndex = 1; lastKnownFileType = text.xcconfig; name = "Pods-AccepterTests.debug.xcconfig"; path = "Pods/Target Support Files/Pods-AccepterTests/Pods-AccepterTests.debug.xcconfig"; sourceTree = "<group>"; };
		7EEA5AB40A9DAE97E6B11345 /* Pods_Accepter.framework */ = {isa = PBXFileReference; explicitFileType = wrapper.framework; includeInIndex = 0; path = Pods_Accepter.framework; sourceTree = BUILT_PRODUCTS_DIR; };
		C8E2AA19D5A4DFC51D1579B6 /* Pods_AccepterTests.framework */ = {isa = PBXFileReference; explicitFileType = wrapper.framework; includeInIndex = 0; path = Pods_AccepterTests.framework; sourceTree = BUILT_PRODUCTS_DIR; };
/* End PBXFileReference section */

/* Begin PBXFrameworksBuildPhase section */
		224AAA2D23F5676B009B9D1D /* Frameworks */ = {
			isa = PBXFrameworksBuildPhase;
			buildActionMask = 2147483647;
			files = (
			);
			runOnlyForDeploymentPostprocessing = 0;
		};
		22AC17E123AA670700663D66 /* Frameworks */ = {
			isa = PBXFrameworksBuildPhase;
			buildActionMask = 2147483647;
			files = (
				F3FF8A7C3D41B949A424268D /* Pods_Accepter.framework in Frameworks */,
				223FB70C23DEE01800D78BEF /* Accepter_Mocks.framework in Frameworks */,
			);
			runOnlyForDeploymentPostprocessing = 0;
		};
		22FDD09623F4039F007F1224 /* Frameworks */ = {
			isa = PBXFrameworksBuildPhase;
			buildActionMask = 2147483647;
			files = (
				0401A6E4972F9AF6D386214D /* Pods_AccepterTests.framework in Frameworks */,
			);
			runOnlyForDeploymentPostprocessing = 0;
		};
/* End PBXFrameworksBuildPhase section */

/* Begin PBXGroup section */
		222AC6D323D6E32300EF7760 /* Controls */ = {
			isa = PBXGroup;
			children = (
				2224437723EDA8B0004793B6 /* VideoPreviewView.swift */,
				222AC6D423D6E35600EF7760 /* ValidationField.xib */,
				222AC6D623D6E3D900EF7760 /* ValidationField.swift */,
				2264884E23DAE13000B6852D /* DashboardSummaryItem.xib */,
				2264885023DAE13A00B6852D /* DashboardSummaryItem.swift */,
			);
			path = Controls;
			sourceTree = "<group>";
		};
		222AC6D823D6EB6F00EF7760 /* Enums */ = {
			isa = PBXGroup;
			children = (
				222AC6D923D6EE0200EF7760 /* FieldName.swift */,
			);
			path = Enums;
			sourceTree = "<group>";
		};
		224AAA3123F5676B009B9D1D /* AccepterUITests */ = {
			isa = PBXGroup;
			children = (
				224AAA3223F5676B009B9D1D /* AccepterUITests.swift */,
				224AAA3423F5676B009B9D1D /* Info.plist */,
			);
			path = AccepterUITests;
			sourceTree = "<group>";
		};
		2258BFA223E2F1370011E5EF /* Cells */ = {
			isa = PBXGroup;
			children = (
				2258BFA323E2F1650011E5EF /* AttachmentThumbnailCell.swift */,
			);
			path = Cells;
			sourceTree = "<group>";
		};
		2264885223DAFF7C00B6852D /* Helpers */ = {
			isa = PBXGroup;
			children = (
				2264885323DAFF8500B6852D /* UISingleTouchGestureRecognizer.swift */,
				2264885523DB294A00B6852D /* AppSettings.swift */,
				223FB71423DEFAE600D78BEF /* Constants.swift */,
				22B3A4F623EC1FB300580C19 /* ImagePickerHelper.swift */,
			);
			path = Helpers;
			sourceTree = "<group>";
		};
		2264885723DB2E9C00B6852D /* Protocols */ = {
			isa = PBXGroup;
			children = (
				2264885823DB2ED100B6852D /* WebRequestService.swift */,
				22E8E6C223EACC390069371C /* AttachmentTextSelectionDelegate.swift */,
				22EB6B3623F2CB1900400041 /* TabBarChildController.swift */,
			);
			path = Protocols;
			sourceTree = "<group>";
		};
		2264885E23DB31FE00B6852D /* Dtos */ = {
			isa = PBXGroup;
			children = (
				2264885F23DB320A00B6852D /* LoginRequest.swift */,
				223FB71223DEF2C000D78BEF /* LoginResponse.swift */,
			);
			path = Dtos;
			sourceTree = "<group>";
		};
		229ADB0A23E97AC7000854F5 /* Layers */ = {
			isa = PBXGroup;
			children = (
				229ADB0B23E97AD8000854F5 /* DetectedTextLayer.swift */,
			);
			path = Layers;
			sourceTree = "<group>";
		};
		22AC17DB23AA670700663D66 = {
			isa = PBXGroup;
			children = (
				22AC17E623AA670700663D66 /* Accepter */,
				22FDD09A23F4039F007F1224 /* AccepterTests */,
				224AAA3123F5676B009B9D1D /* AccepterUITests */,
				22AC17E523AA670700663D66 /* Products */,
				A690239846DEC0F6FBF76941 /* Pods */,
				FF5E734A075DB75ED6136CB3 /* Frameworks */,
			);
			sourceTree = "<group>";
		};
		22AC17E523AA670700663D66 /* Products */ = {
			isa = PBXGroup;
			children = (
				22AC17E423AA670700663D66 /* Accepter.app */,
				22FDD09923F4039F007F1224 /* AccepterTests.xctest */,
				224AAA3023F5676B009B9D1D /* AccepterUITests.xctest */,
			);
			name = Products;
			sourceTree = "<group>";
		};
		22AC17E623AA670700663D66 /* Accepter */ = {
			isa = PBXGroup;
			children = (
				22AC17E723AA670700663D66 /* AppDelegate.swift */,
				22AC17F023AA670A00663D66 /* Assets.xcassets */,
				222AC6D323D6E32300EF7760 /* Controls */,
				22F86E0A23CCAE5A004F62C4 /* Coordinators */,
				22ADA54723D72D9600BCFE63 /* Extensions */,
				2264885223DAFF7C00B6852D /* Helpers */,
				22AC17F523AA670A00663D66 /* Info.plist */,
				22AC17F223AA670A00663D66 /* LaunchScreen.storyboard */,
				22D70A6823D5F2BA0031E0E5 /* Models */,
				2264885723DB2E9C00B6852D /* Protocols */,
				22DDF45223D70AF40014CB73 /* Services */,
				22AC17FC23AA681000663D66 /* ViewControllers */,
				22AC17FD23AA681600663D66 /* ViewModels */,
				22AC17FB23AA680600663D66 /* Views */,
			);
			path = Accepter;
			sourceTree = "<group>";
		};
		22AC17FB23AA680600663D66 /* Views */ = {
			isa = PBXGroup;
			children = (
				229ADB0A23E97AC7000854F5 /* Layers */,
				2258BFA223E2F1370011E5EF /* Cells */,
				22D07D5923D1D1AE00B1FADE /* Expense.storyboard */,
				22D70A5F23D5CCD90031E0E5 /* ExpenseList.storyboard */,
				2212FA7D23BF5D1E00515D99 /* Home.storyboard */,
				22AC17FE23AA682300663D66 /* Login.storyboard */,
				22D07D5723D1D14100B1FADE /* Main.storyboard */,
				22D07D5F23D1D21700B1FADE /* Settings.storyboard */,
				22E0B88C23E43AE40063C1A9 /* AttachmentPreview.storyboard */,
				22EB6B3423F2998A00400041 /* Camera.storyboard */,
			);
			path = Views;
			sourceTree = "<group>";
		};
		22AC17FC23AA681000663D66 /* ViewControllers */ = {
			isa = PBXGroup;
			children = (
				22D70A5D23D5CC810031E0E5 /* ExpenseListViewController.swift */,
				22D07D5B23D1D1CC00B1FADE /* ExpenseViewController.swift */,
				2212FA7F23BF5D7400515D99 /* HomeViewController.swift */,
				22AC180023AA68D900663D66 /* LoginViewController.swift */,
				22D07D6123D1D33E00B1FADE /* MainTabBarController.swift */,
				22D07D5D23D1D20600B1FADE /* SettingsViewController.swift */,
				22E0B88E23E43AFF0063C1A9 /* AttachmentPreviewViewController.swift */,
				22B3A4FA23EC56A000580C19 /* CameraViewController.swift */,
			);
			path = ViewControllers;
			sourceTree = "<group>";
		};
		22AC17FD23AA681600663D66 /* ViewModels */ = {
			isa = PBXGroup;
			children = (
				22D70A6323D5CD600031E0E5 /* ExpenseListViewModel.swift */,
				22D70A5923D5C57B0031E0E5 /* ExpenseViewModel.swift */,
				222C8DFF23CDA81E0002B1EE /* HomeViewModel.swift */,
				22F86E0823CCA102004F62C4 /* LoginViewModel.swift */,
				22D70A5723D5BDEA0031E0E5 /* SettingsViewModel.swift */,
			);
			path = ViewModels;
			sourceTree = "<group>";
		};
		22ADA54723D72D9600BCFE63 /* Extensions */ = {
			isa = PBXGroup;
			children = (
				22ADA54823D72DAF00BCFE63 /* Bond+Realm.swift */,
				22E8E6C823EB0FC90069371C /* CGRect.swift */,
			);
			path = Extensions;
			sourceTree = "<group>";
		};
		22D70A6523D5E3EE0031E0E5 /* Protocols */ = {
			isa = PBXGroup;
			children = (
				22F86E0B23CCAE7A004F62C4 /* Coordinator.swift */,
				22F86E0D23CCB098004F62C4 /* Storyboarded.swift */,
				2255DF5423E8203200B44458 /* ExpenseEditCoordinator.swift */,
			);
			path = Protocols;
			sourceTree = "<group>";
		};
		22D70A6823D5F2BA0031E0E5 /* Models */ = {
			isa = PBXGroup;
			children = (
				2264885E23DB31FE00B6852D /* Dtos */,
				222AC6D823D6EB6F00EF7760 /* Enums */,
				22D70A6923D5F2C40031E0E5 /* Expense.swift */,
				22B92C4F23D8867C00AEB0EA /* User.swift */,
				227E08EF23E05F6C000C74D7 /* Token.swift */,
				22E8E6CA23EB11230069371C /* ImageTextElement.swift */,
			);
			path = Models;
			sourceTree = "<group>";
		};
		22DDF45223D70AF40014CB73 /* Services */ = {
			isa = PBXGroup;
			children = (
				22DDF45323D70B390014CB73 /* LocalStorageService.swift */,
				22B92C4D23D8498F00AEB0EA /* DialogService.swift */,
				22B92C5123D8895400AEB0EA /* AuthorizationService.swift */,
				2264885A23DB2EF900B6852D /* UrlSessionWebRequestService.swift */,
				2264885C23DB2F0200B6852D /* AlamofireWebRequestService.swift */,
				227E08ED23E04EF0000C74D7 /* UserService.swift */,
				2254906E23E18ADF00CF31D7 /* ExpensesService.swift */,
				2258BFA023E2D13D0011E5EF /* FileService.swift */,
				2255DF5623E8623C00B44458 /* TextRecognitionService.swift */,
				22E8E6C623EB03710069371C /* DocumentAnalysisService.swift */,
				22B3A4F423EC09D900580C19 /* ImageService.swift */,
				2224437423ED9C09004793B6 /* CameraService.swift */,
			);
			path = Services;
			sourceTree = "<group>";
		};
		22F86E0A23CCAE5A004F62C4 /* Coordinators */ = {
			isa = PBXGroup;
			children = (
				22D70A6523D5E3EE0031E0E5 /* Protocols */,
				22F86E0F23CCB428004F62C4 /* HomeCoordinator.swift */,
				22D07D6323D1D4FC00B1FADE /* ExpenseCoordinator.swift */,
				22D70A6123D5CD180031E0E5 /* ExpenseListCoordinator.swift */,
				22D07D6523D1D55900B1FADE /* SettingsCoordinator.swift */,
				22D07D6723D1D59C00B1FADE /* MainCoordinator.swift */,
				22D07D6923D1DBCF00B1FADE /* AppCoordinator.swift */,
				22B3A4FC23EC58C800580C19 /* CameraCoordinator.swift */,
			);
			path = Coordinators;
			sourceTree = "<group>";
		};
		22FDD09A23F4039F007F1224 /* AccepterTests */ = {
			isa = PBXGroup;
			children = (
				2296198723F6C58F0060DE52 /* GeneratedMocks.swift */,
				22FDD0A923F42FD9007F1224 /* ServicesTests */,
				22FDD0A623F42359007F1224 /* ExtensionsTests */,
				22FDD0A323F4042A007F1224 /* ModelsTests */,
				22FDD09D23F4039F007F1224 /* Info.plist */,
			);
			path = AccepterTests;
			sourceTree = "<group>";
		};
		22FDD0A323F4042A007F1224 /* ModelsTests */ = {
			isa = PBXGroup;
			children = (
				22FDD0A423F4044D007F1224 /* ImageTextElementTests.swift */,
			);
			path = ModelsTests;
			sourceTree = "<group>";
		};
		22FDD0A623F42359007F1224 /* ExtensionsTests */ = {
			isa = PBXGroup;
			children = (
				22FDD0A723F4236C007F1224 /* CGRectTests.swift */,
			);
			path = ExtensionsTests;
			sourceTree = "<group>";
		};
		22FDD0A923F42FD9007F1224 /* ServicesTests */ = {
			isa = PBXGroup;
			children = (
				22FDD0AA23F42FFD007F1224 /* DocumentAnalysisServiceTests.swift */,
				2296198423F6BCF50060DE52 /* UserServiceTests.swift */,
			);
			path = ServicesTests;
			sourceTree = "<group>";
		};
		A690239846DEC0F6FBF76941 /* Pods */ = {
			isa = PBXGroup;
			children = (
				59976E6FA14E18F900D372BD /* Pods-Accepter.debug.xcconfig */,
				39A0FB098A56CF3027FCF052 /* Pods-Accepter.release.xcconfig */,
				651E1FDE479E623185A30D56 /* Pods-AccepterTests.debug.xcconfig */,
				13E083BABD5D22B3F488F75F /* Pods-AccepterTests.release.xcconfig */,
			);
			name = Pods;
			sourceTree = "<group>";
		};
		FF5E734A075DB75ED6136CB3 /* Frameworks */ = {
			isa = PBXGroup;
			children = (
				223FB70B23DEE01800D78BEF /* Accepter_Mocks.framework */,
				7EEA5AB40A9DAE97E6B11345 /* Pods_Accepter.framework */,
				C8E2AA19D5A4DFC51D1579B6 /* Pods_AccepterTests.framework */,
			);
			name = Frameworks;
			sourceTree = "<group>";
		};
/* End PBXGroup section */

/* Begin PBXNativeTarget section */
		224AAA2F23F5676B009B9D1D /* AccepterUITests */ = {
			isa = PBXNativeTarget;
			buildConfigurationList = 224AAA3923F5676B009B9D1D /* Build configuration list for PBXNativeTarget "AccepterUITests" */;
			buildPhases = (
				224AAA2C23F5676B009B9D1D /* Sources */,
				224AAA2D23F5676B009B9D1D /* Frameworks */,
				224AAA2E23F5676B009B9D1D /* Resources */,
			);
			buildRules = (
			);
			dependencies = (
				224AAA3623F5676B009B9D1D /* PBXTargetDependency */,
			);
			name = AccepterUITests;
			productName = AccepterUITests;
			productReference = 224AAA3023F5676B009B9D1D /* AccepterUITests.xctest */;
			productType = "com.apple.product-type.bundle.ui-testing";
		};
		22AC17E323AA670700663D66 /* Accepter */ = {
			isa = PBXNativeTarget;
			buildConfigurationList = 22AC17F823AA670A00663D66 /* Build configuration list for PBXNativeTarget "Accepter" */;
			buildPhases = (
				740385DF445D42C24D46C9B9 /* [CP] Check Pods Manifest.lock */,
				22AC17E023AA670700663D66 /* Sources */,
				22AC17E123AA670700663D66 /* Frameworks */,
				22AC17E223AA670700663D66 /* Resources */,
				ED10FA17C6678B453E225B4F /* [CP] Embed Pods Frameworks */,
				223FB70E23DEE01800D78BEF /* Embed Frameworks */,
			);
			buildRules = (
			);
			dependencies = (
			);
			name = Accepter;
			productName = Accepter;
			productReference = 22AC17E423AA670700663D66 /* Accepter.app */;
			productType = "com.apple.product-type.application";
		};
		22FDD09823F4039F007F1224 /* AccepterTests */ = {
			isa = PBXNativeTarget;
			buildConfigurationList = 22FDD0A223F4039F007F1224 /* Build configuration list for PBXNativeTarget "AccepterTests" */;
			buildPhases = (
				816335F0F479DFEEEA5C2C8C /* [CP] Check Pods Manifest.lock */,
				2296198623F6C0050060DE52 /* Run Cuckoo */,
				22FDD09523F4039F007F1224 /* Sources */,
				22FDD09623F4039F007F1224 /* Frameworks */,
				22FDD09723F4039F007F1224 /* Resources */,
				9FB3DF5CAFE9A5E9D9AE4947 /* [CP] Embed Pods Frameworks */,
			);
			buildRules = (
			);
			dependencies = (
				22FDD09F23F4039F007F1224 /* PBXTargetDependency */,
			);
			name = AccepterTests;
			productName = AccepterTests;
			productReference = 22FDD09923F4039F007F1224 /* AccepterTests.xctest */;
			productType = "com.apple.product-type.bundle.unit-test";
		};
/* End PBXNativeTarget section */

/* Begin PBXProject section */
		22AC17DC23AA670700663D66 /* Project object */ = {
			isa = PBXProject;
			attributes = {
				LastSwiftUpdateCheck = 1130;
				LastUpgradeCheck = 1110;
				ORGANIZATIONNAME = "Tomasz Wiśniewski";
				TargetAttributes = {
					224AAA2F23F5676B009B9D1D = {
						CreatedOnToolsVersion = 11.3.1;
						TestTargetID = 22AC17E323AA670700663D66;
					};
					22AC17E323AA670700663D66 = {
						CreatedOnToolsVersion = 11.1;
					};
					22FDD09823F4039F007F1224 = {
						CreatedOnToolsVersion = 11.3.1;
						TestTargetID = 22AC17E323AA670700663D66;
					};
				};
			};
			buildConfigurationList = 22AC17DF23AA670700663D66 /* Build configuration list for PBXProject "Accepter" */;
			compatibilityVersion = "Xcode 9.3";
			developmentRegion = en;
			hasScannedForEncodings = 0;
			knownRegions = (
				en,
				Base,
			);
			mainGroup = 22AC17DB23AA670700663D66;
			productRefGroup = 22AC17E523AA670700663D66 /* Products */;
			projectDirPath = "";
			projectRoot = "";
			targets = (
				22AC17E323AA670700663D66 /* Accepter */,
				22FDD09823F4039F007F1224 /* AccepterTests */,
				224AAA2F23F5676B009B9D1D /* AccepterUITests */,
			);
		};
/* End PBXProject section */

/* Begin PBXResourcesBuildPhase section */
		224AAA2E23F5676B009B9D1D /* Resources */ = {
			isa = PBXResourcesBuildPhase;
			buildActionMask = 2147483647;
			files = (
			);
			runOnlyForDeploymentPostprocessing = 0;
		};
		22AC17E223AA670700663D66 /* Resources */ = {
			isa = PBXResourcesBuildPhase;
			buildActionMask = 2147483647;
			files = (
				22AC17FF23AA682300663D66 /* Login.storyboard in Resources */,
				22EB6B3523F2998A00400041 /* Camera.storyboard in Resources */,
				22D70A6023D5CCD90031E0E5 /* ExpenseList.storyboard in Resources */,
				222AC6D523D6E35600EF7760 /* ValidationField.xib in Resources */,
				22D07D5823D1D14100B1FADE /* Main.storyboard in Resources */,
				2264884F23DAE13000B6852D /* DashboardSummaryItem.xib in Resources */,
				2212FA7E23BF5D1E00515D99 /* Home.storyboard in Resources */,
				22AC17F423AA670A00663D66 /* LaunchScreen.storyboard in Resources */,
				22AC17F123AA670A00663D66 /* Assets.xcassets in Resources */,
				22D07D5A23D1D1AE00B1FADE /* Expense.storyboard in Resources */,
				22D07D6023D1D21700B1FADE /* Settings.storyboard in Resources */,
				22E0B88D23E43AE40063C1A9 /* AttachmentPreview.storyboard in Resources */,
			);
			runOnlyForDeploymentPostprocessing = 0;
		};
		22FDD09723F4039F007F1224 /* Resources */ = {
			isa = PBXResourcesBuildPhase;
			buildActionMask = 2147483647;
			files = (
			);
			runOnlyForDeploymentPostprocessing = 0;
		};
/* End PBXResourcesBuildPhase section */

/* Begin PBXShellScriptBuildPhase section */
		2296198623F6C0050060DE52 /* Run Cuckoo */ = {
			isa = PBXShellScriptBuildPhase;
			buildActionMask = 2147483647;
			files = (
			);
			inputPaths = (
				"$(SRCROOT)/Accepter/Protocols/WebRequestService.swift",
				"$(SRCROOT)/Accepter/Services/LocalStorageService.swift",
				"$(SRCROOT)/Accepter/Services/AuthorizationService.swift",
			);
			name = "Run Cuckoo";
			outputPaths = (
			);
			runOnlyForDeploymentPostprocessing = 0;
			shellPath = /bin/sh;
			shellScript = "# Define output file. Change \"${PROJECT_DIR}/${PROJECT_NAME}Tests\" to your test's root source folder, if it's not the default name.\nOUTPUT_FILE=\"${PROJECT_DIR}/${PROJECT_NAME}Tests/GeneratedMocks.swift\"\necho \"Generated Mocks File = ${OUTPUT_FILE}\"\n\n# Define input directory. Change \"${PROJECT_DIR}/${PROJECT_NAME}\" to your project's root source folder, if it's not the default name.\nINPUT_DIR=\"${PROJECT_DIR}/${PROJECT_NAME}\"\necho \"Mocks Input Directory = ${INPUT_DIR}\"\n\n# Generate mock files, include as many input files as you'd like to create mocks for.\n\"${PODS_ROOT}/Cuckoo/run\" generate --testable \"${PROJECT_NAME}\" \\\n--output \"${OUTPUT_FILE}\"\n# ... and so forth, the last line should never end with a backslash\n\n# After running once, locate `GeneratedMocks.swift` and drag it into your Xcode test target group.\n";
		};
		740385DF445D42C24D46C9B9 /* [CP] Check Pods Manifest.lock */ = {
			isa = PBXShellScriptBuildPhase;
			buildActionMask = 2147483647;
			files = (
			);
			inputPaths = (
				"${PODS_PODFILE_DIR_PATH}/Podfile.lock",
				"${PODS_ROOT}/Manifest.lock",
			);
			name = "[CP] Check Pods Manifest.lock";
			outputPaths = (
				"$(DERIVED_FILE_DIR)/Pods-Accepter-checkManifestLockResult.txt",
			);
			runOnlyForDeploymentPostprocessing = 0;
			shellPath = /bin/sh;
			shellScript = "diff \"${PODS_PODFILE_DIR_PATH}/Podfile.lock\" \"${PODS_ROOT}/Manifest.lock\" > /dev/null\nif [ $? != 0 ] ; then\n    # print error to STDERR\n    echo \"error: The sandbox is not in sync with the Podfile.lock. Run 'pod install' or update your CocoaPods installation.\" >&2\n    exit 1\nfi\n# This output is used by Xcode 'outputs' to avoid re-running this script phase.\necho \"SUCCESS\" > \"${SCRIPT_OUTPUT_FILE_0}\"\n";
			showEnvVarsInLog = 0;
		};
		816335F0F479DFEEEA5C2C8C /* [CP] Check Pods Manifest.lock */ = {
			isa = PBXShellScriptBuildPhase;
			buildActionMask = 2147483647;
			files = (
			);
			inputPaths = (
				"${PODS_PODFILE_DIR_PATH}/Podfile.lock",
				"${PODS_ROOT}/Manifest.lock",
			);
			name = "[CP] Check Pods Manifest.lock";
			outputPaths = (
				"$(DERIVED_FILE_DIR)/Pods-AccepterTests-checkManifestLockResult.txt",
			);
			runOnlyForDeploymentPostprocessing = 0;
			shellPath = /bin/sh;
			shellScript = "diff \"${PODS_PODFILE_DIR_PATH}/Podfile.lock\" \"${PODS_ROOT}/Manifest.lock\" > /dev/null\nif [ $? != 0 ] ; then\n    # print error to STDERR\n    echo \"error: The sandbox is not in sync with the Podfile.lock. Run 'pod install' or update your CocoaPods installation.\" >&2\n    exit 1\nfi\n# This output is used by Xcode 'outputs' to avoid re-running this script phase.\necho \"SUCCESS\" > \"${SCRIPT_OUTPUT_FILE_0}\"\n";
			showEnvVarsInLog = 0;
		};
		9FB3DF5CAFE9A5E9D9AE4947 /* [CP] Embed Pods Frameworks */ = {
			isa = PBXShellScriptBuildPhase;
			buildActionMask = 2147483647;
			files = (
			);
			inputPaths = (
				"${SRCROOT}/Pods/Target Support Files/Pods-AccepterTests/Pods-AccepterTests-frameworks.sh",
				"${BUILT_PRODUCTS_DIR}/Realm-iOS13.2/Realm.framework",
				"${BUILT_PRODUCTS_DIR}/RealmSwift-iOS13.2/RealmSwift.framework",
				"${BUILT_PRODUCTS_DIR}/Cuckoo/Cuckoo.framework",
			);
			name = "[CP] Embed Pods Frameworks";
			outputPaths = (
				"${TARGET_BUILD_DIR}/${FRAMEWORKS_FOLDER_PATH}/Realm.framework",
				"${TARGET_BUILD_DIR}/${FRAMEWORKS_FOLDER_PATH}/RealmSwift.framework",
				"${TARGET_BUILD_DIR}/${FRAMEWORKS_FOLDER_PATH}/Cuckoo.framework",
			);
			runOnlyForDeploymentPostprocessing = 0;
			shellPath = /bin/sh;
			shellScript = "\"${SRCROOT}/Pods/Target Support Files/Pods-AccepterTests/Pods-AccepterTests-frameworks.sh\"\n";
			showEnvVarsInLog = 0;
		};
		ED10FA17C6678B453E225B4F /* [CP] Embed Pods Frameworks */ = {
			isa = PBXShellScriptBuildPhase;
			buildActionMask = 2147483647;
			files = (
			);
			inputPaths = (
				"${SRCROOT}/Pods/Target Support Files/Pods-Accepter/Pods-Accepter-frameworks.sh",
				"${BUILT_PRODUCTS_DIR}/Alamofire/Alamofire.framework",
				"${BUILT_PRODUCTS_DIR}/Bond/Bond.framework",
				"${BUILT_PRODUCTS_DIR}/Differ/Differ.framework",
				"${BUILT_PRODUCTS_DIR}/IQKeyboardManagerSwift/IQKeyboardManagerSwift.framework",
				"${BUILT_PRODUCTS_DIR}/ReactiveKit/ReactiveKit.framework",
				"${BUILT_PRODUCTS_DIR}/Realm-iOS13.1/Realm.framework",
				"${BUILT_PRODUCTS_DIR}/RealmSwift-iOS13.1/RealmSwift.framework",
				"${BUILT_PRODUCTS_DIR}/SwiftMessages/SwiftMessages.framework",
				"${BUILT_PRODUCTS_DIR}/Swinject/Swinject.framework",
				"${BUILT_PRODUCTS_DIR}/SwinjectAutoregistration/SwinjectAutoregistration.framework",
			);
			name = "[CP] Embed Pods Frameworks";
			outputPaths = (
				"${TARGET_BUILD_DIR}/${FRAMEWORKS_FOLDER_PATH}/Alamofire.framework",
				"${TARGET_BUILD_DIR}/${FRAMEWORKS_FOLDER_PATH}/Bond.framework",
				"${TARGET_BUILD_DIR}/${FRAMEWORKS_FOLDER_PATH}/Differ.framework",
				"${TARGET_BUILD_DIR}/${FRAMEWORKS_FOLDER_PATH}/IQKeyboardManagerSwift.framework",
				"${TARGET_BUILD_DIR}/${FRAMEWORKS_FOLDER_PATH}/ReactiveKit.framework",
				"${TARGET_BUILD_DIR}/${FRAMEWORKS_FOLDER_PATH}/Realm.framework",
				"${TARGET_BUILD_DIR}/${FRAMEWORKS_FOLDER_PATH}/RealmSwift.framework",
				"${TARGET_BUILD_DIR}/${FRAMEWORKS_FOLDER_PATH}/SwiftMessages.framework",
				"${TARGET_BUILD_DIR}/${FRAMEWORKS_FOLDER_PATH}/Swinject.framework",
				"${TARGET_BUILD_DIR}/${FRAMEWORKS_FOLDER_PATH}/SwinjectAutoregistration.framework",
			);
			runOnlyForDeploymentPostprocessing = 0;
			shellPath = /bin/sh;
			shellScript = "\"${SRCROOT}/Pods/Target Support Files/Pods-Accepter/Pods-Accepter-frameworks.sh\"\n";
			showEnvVarsInLog = 0;
		};
/* End PBXShellScriptBuildPhase section */

/* Begin PBXSourcesBuildPhase section */
		224AAA2C23F5676B009B9D1D /* Sources */ = {
			isa = PBXSourcesBuildPhase;
			buildActionMask = 2147483647;
			files = (
				224AAA3323F5676B009B9D1D /* AccepterUITests.swift in Sources */,
			);
			runOnlyForDeploymentPostprocessing = 0;
		};
		22AC17E023AA670700663D66 /* Sources */ = {
			isa = PBXSourcesBuildPhase;
			buildActionMask = 2147483647;
			files = (
				2224437523ED9C09004793B6 /* CameraService.swift in Sources */,
				22D70A6A23D5F2C40031E0E5 /* Expense.swift in Sources */,
				2212FA8023BF5D7400515D99 /* HomeViewController.swift in Sources */,
				223FB71323DEF2C000D78BEF /* LoginResponse.swift in Sources */,
				22EB6B3723F2CB1900400041 /* TabBarChildController.swift in Sources */,
				22D07D6823D1D59C00B1FADE /* MainCoordinator.swift in Sources */,
				2255DF5723E8623C00B44458 /* TextRecognitionService.swift in Sources */,
				22D07D6223D1D33E00B1FADE /* MainTabBarController.swift in Sources */,
				22ADA54923D72DAF00BCFE63 /* Bond+Realm.swift in Sources */,
				22B92C5023D8867C00AEB0EA /* User.swift in Sources */,
				2264885B23DB2EF900B6852D /* UrlSessionWebRequestService.swift in Sources */,
				22E0B88F23E43AFF0063C1A9 /* AttachmentPreviewViewController.swift in Sources */,
				22B92C4E23D8498F00AEB0EA /* DialogService.swift in Sources */,
				22D70A5E23D5CC810031E0E5 /* ExpenseListViewController.swift in Sources */,
				22D07D6623D1D55900B1FADE /* SettingsCoordinator.swift in Sources */,
				22D70A6423D5CD600031E0E5 /* ExpenseListViewModel.swift in Sources */,
				2255DF5523E8203200B44458 /* ExpenseEditCoordinator.swift in Sources */,
				2254906F23E18AE000CF31D7 /* ExpensesService.swift in Sources */,
				2264885923DB2ED100B6852D /* WebRequestService.swift in Sources */,
				22B3A4FD23EC58C800580C19 /* CameraCoordinator.swift in Sources */,
				2258BFA123E2D13D0011E5EF /* FileService.swift in Sources */,
				22F86E1023CCB428004F62C4 /* HomeCoordinator.swift in Sources */,
				2224437823EDA8B0004793B6 /* VideoPreviewView.swift in Sources */,
				22D07D6423D1D4FC00B1FADE /* ExpenseCoordinator.swift in Sources */,
				222AC6DA23D6EE0200EF7760 /* FieldName.swift in Sources */,
				2264885423DAFF8500B6852D /* UISingleTouchGestureRecognizer.swift in Sources */,
				22D70A6223D5CD180031E0E5 /* ExpenseListCoordinator.swift in Sources */,
				22D07D5C23D1D1CC00B1FADE /* ExpenseViewController.swift in Sources */,
				2264885D23DB2F0200B6852D /* AlamofireWebRequestService.swift in Sources */,
				2264885123DAE13A00B6852D /* DashboardSummaryItem.swift in Sources */,
				22B92C5223D8895400AEB0EA /* AuthorizationService.swift in Sources */,
				22D07D5E23D1D20600B1FADE /* SettingsViewController.swift in Sources */,
				22E8E6C323EACC390069371C /* AttachmentTextSelectionDelegate.swift in Sources */,
				22DDF45423D70B390014CB73 /* LocalStorageService.swift in Sources */,
				227E08F023E05F6C000C74D7 /* Token.swift in Sources */,
				22AC180123AA68D900663D66 /* LoginViewController.swift in Sources */,
				22B3A4FB23EC56A000580C19 /* CameraViewController.swift in Sources */,
				222C8E0023CDA81E0002B1EE /* HomeViewModel.swift in Sources */,
				229ADB0C23E97AD8000854F5 /* DetectedTextLayer.swift in Sources */,
				22F86E0C23CCAE7A004F62C4 /* Coordinator.swift in Sources */,
				2264885623DB294A00B6852D /* AppSettings.swift in Sources */,
				22AC17E823AA670700663D66 /* AppDelegate.swift in Sources */,
				22D70A5A23D5C57B0031E0E5 /* ExpenseViewModel.swift in Sources */,
				22D07D6A23D1DBCF00B1FADE /* AppCoordinator.swift in Sources */,
				22E8E6C723EB03710069371C /* DocumentAnalysisService.swift in Sources */,
				22F86E0923CCA102004F62C4 /* LoginViewModel.swift in Sources */,
				227E08EE23E04EF0000C74D7 /* UserService.swift in Sources */,
				22B3A4F723EC1FB300580C19 /* ImagePickerHelper.swift in Sources */,
				222AC6D723D6E3D900EF7760 /* ValidationField.swift in Sources */,
				2258BFA423E2F1650011E5EF /* AttachmentThumbnailCell.swift in Sources */,
				22F86E0E23CCB098004F62C4 /* Storyboarded.swift in Sources */,
				2264886023DB320A00B6852D /* LoginRequest.swift in Sources */,
				22E8E6CB23EB11230069371C /* ImageTextElement.swift in Sources */,
				223FB71523DEFAE600D78BEF /* Constants.swift in Sources */,
				22D70A5823D5BDEA0031E0E5 /* SettingsViewModel.swift in Sources */,
				22E8E6C923EB0FC90069371C /* CGRect.swift in Sources */,
				22B3A4F523EC09D900580C19 /* ImageService.swift in Sources */,
			);
			runOnlyForDeploymentPostprocessing = 0;
		};
		22FDD09523F4039F007F1224 /* Sources */ = {
			isa = PBXSourcesBuildPhase;
			buildActionMask = 2147483647;
			files = (
				2296198523F6BCF50060DE52 /* UserServiceTests.swift in Sources */,
				22FDD0A523F4044D007F1224 /* ImageTextElementTests.swift in Sources */,
				22FDD0A823F4236C007F1224 /* CGRectTests.swift in Sources */,
				22FDD0AB23F42FFD007F1224 /* DocumentAnalysisServiceTests.swift in Sources */,
				2296198823F6C58F0060DE52 /* GeneratedMocks.swift in Sources */,
			);
			runOnlyForDeploymentPostprocessing = 0;
		};
/* End PBXSourcesBuildPhase section */

/* Begin PBXTargetDependency section */
		224AAA3623F5676B009B9D1D /* PBXTargetDependency */ = {
			isa = PBXTargetDependency;
			target = 22AC17E323AA670700663D66 /* Accepter */;
			targetProxy = 224AAA3523F5676B009B9D1D /* PBXContainerItemProxy */;
		};
		22FDD09F23F4039F007F1224 /* PBXTargetDependency */ = {
			isa = PBXTargetDependency;
			target = 22AC17E323AA670700663D66 /* Accepter */;
			targetProxy = 22FDD09E23F4039F007F1224 /* PBXContainerItemProxy */;
		};
/* End PBXTargetDependency section */

/* Begin PBXVariantGroup section */
		22AC17F223AA670A00663D66 /* LaunchScreen.storyboard */ = {
			isa = PBXVariantGroup;
			children = (
				22AC17F323AA670A00663D66 /* Base */,
			);
			name = LaunchScreen.storyboard;
			sourceTree = "<group>";
		};
/* End PBXVariantGroup section */

/* Begin XCBuildConfiguration section */
		224AAA3723F5676B009B9D1D /* Debug */ = {
			isa = XCBuildConfiguration;
			buildSettings = {
				CODE_SIGN_STYLE = Automatic;
				DEVELOPMENT_TEAM = 63N8X22DA7;
				INFOPLIST_FILE = AccepterUITests/Info.plist;
				IPHONEOS_DEPLOYMENT_TARGET = 13.2;
				LD_RUNPATH_SEARCH_PATHS = (
					"$(inherited)",
					"@executable_path/Frameworks",
					"@loader_path/Frameworks",
				);
				PRODUCT_BUNDLE_IDENTIFIER = org1.AccepterUITests;
				PRODUCT_NAME = "$(TARGET_NAME)";
				SWIFT_VERSION = 5.0;
				TARGETED_DEVICE_FAMILY = "1,2";
				TEST_TARGET_NAME = Accepter;
			};
			name = Debug;
		};
		224AAA3823F5676B009B9D1D /* Release */ = {
			isa = XCBuildConfiguration;
			buildSettings = {
				CODE_SIGN_STYLE = Automatic;
				DEVELOPMENT_TEAM = 63N8X22DA7;
				INFOPLIST_FILE = AccepterUITests/Info.plist;
				IPHONEOS_DEPLOYMENT_TARGET = 13.2;
				LD_RUNPATH_SEARCH_PATHS = (
					"$(inherited)",
					"@executable_path/Frameworks",
					"@loader_path/Frameworks",
				);
				PRODUCT_BUNDLE_IDENTIFIER = org1.AccepterUITests;
				PRODUCT_NAME = "$(TARGET_NAME)";
				SWIFT_VERSION = 5.0;
				TARGETED_DEVICE_FAMILY = "1,2";
				TEST_TARGET_NAME = Accepter;
			};
			name = Release;
		};
		22AC17F623AA670A00663D66 /* Debug */ = {
			isa = XCBuildConfiguration;
			buildSettings = {
				ALWAYS_SEARCH_USER_PATHS = NO;
				CLANG_ANALYZER_NONNULL = YES;
				CLANG_ANALYZER_NUMBER_OBJECT_CONVERSION = YES_AGGRESSIVE;
				CLANG_CXX_LANGUAGE_STANDARD = "gnu++14";
				CLANG_CXX_LIBRARY = "libc++";
				CLANG_ENABLE_MODULES = YES;
				CLANG_ENABLE_OBJC_ARC = YES;
				CLANG_ENABLE_OBJC_WEAK = YES;
				CLANG_WARN_BLOCK_CAPTURE_AUTORELEASING = YES;
				CLANG_WARN_BOOL_CONVERSION = YES;
				CLANG_WARN_COMMA = YES;
				CLANG_WARN_CONSTANT_CONVERSION = YES;
				CLANG_WARN_DEPRECATED_OBJC_IMPLEMENTATIONS = YES;
				CLANG_WARN_DIRECT_OBJC_ISA_USAGE = YES_ERROR;
				CLANG_WARN_DOCUMENTATION_COMMENTS = YES;
				CLANG_WARN_EMPTY_BODY = YES;
				CLANG_WARN_ENUM_CONVERSION = YES;
				CLANG_WARN_INFINITE_RECURSION = YES;
				CLANG_WARN_INT_CONVERSION = YES;
				CLANG_WARN_NON_LITERAL_NULL_CONVERSION = YES;
				CLANG_WARN_OBJC_IMPLICIT_RETAIN_SELF = YES;
				CLANG_WARN_OBJC_LITERAL_CONVERSION = YES;
				CLANG_WARN_OBJC_ROOT_CLASS = YES_ERROR;
				CLANG_WARN_RANGE_LOOP_ANALYSIS = YES;
				CLANG_WARN_STRICT_PROTOTYPES = YES;
				CLANG_WARN_SUSPICIOUS_MOVE = YES;
				CLANG_WARN_UNGUARDED_AVAILABILITY = YES_AGGRESSIVE;
				CLANG_WARN_UNREACHABLE_CODE = YES;
				CLANG_WARN__DUPLICATE_METHOD_MATCH = YES;
				COPY_PHASE_STRIP = NO;
				DEBUG_INFORMATION_FORMAT = dwarf;
				ENABLE_STRICT_OBJC_MSGSEND = YES;
				ENABLE_TESTABILITY = YES;
				GCC_C_LANGUAGE_STANDARD = gnu11;
				GCC_DYNAMIC_NO_PIC = NO;
				GCC_NO_COMMON_BLOCKS = YES;
				GCC_OPTIMIZATION_LEVEL = 0;
				GCC_PREPROCESSOR_DEFINITIONS = (
					"DEBUG=1",
					"$(inherited)",
				);
				GCC_WARN_64_TO_32_BIT_CONVERSION = YES;
				GCC_WARN_ABOUT_RETURN_TYPE = YES_ERROR;
				GCC_WARN_UNDECLARED_SELECTOR = YES;
				GCC_WARN_UNINITIALIZED_AUTOS = YES_AGGRESSIVE;
				GCC_WARN_UNUSED_FUNCTION = YES;
				GCC_WARN_UNUSED_VARIABLE = YES;
				IPHONEOS_DEPLOYMENT_TARGET = 13.1;
				MTL_ENABLE_DEBUG_INFO = INCLUDE_SOURCE;
				MTL_FAST_MATH = YES;
				ONLY_ACTIVE_ARCH = YES;
				SDKROOT = iphoneos;
				SWIFT_ACTIVE_COMPILATION_CONDITIONS = DEBUG;
				SWIFT_OPTIMIZATION_LEVEL = "-Onone";
			};
			name = Debug;
		};
		22AC17F723AA670A00663D66 /* Release */ = {
			isa = XCBuildConfiguration;
			buildSettings = {
				ALWAYS_SEARCH_USER_PATHS = NO;
				CLANG_ANALYZER_NONNULL = YES;
				CLANG_ANALYZER_NUMBER_OBJECT_CONVERSION = YES_AGGRESSIVE;
				CLANG_CXX_LANGUAGE_STANDARD = "gnu++14";
				CLANG_CXX_LIBRARY = "libc++";
				CLANG_ENABLE_MODULES = YES;
				CLANG_ENABLE_OBJC_ARC = YES;
				CLANG_ENABLE_OBJC_WEAK = YES;
				CLANG_WARN_BLOCK_CAPTURE_AUTORELEASING = YES;
				CLANG_WARN_BOOL_CONVERSION = YES;
				CLANG_WARN_COMMA = YES;
				CLANG_WARN_CONSTANT_CONVERSION = YES;
				CLANG_WARN_DEPRECATED_OBJC_IMPLEMENTATIONS = YES;
				CLANG_WARN_DIRECT_OBJC_ISA_USAGE = YES_ERROR;
				CLANG_WARN_DOCUMENTATION_COMMENTS = YES;
				CLANG_WARN_EMPTY_BODY = YES;
				CLANG_WARN_ENUM_CONVERSION = YES;
				CLANG_WARN_INFINITE_RECURSION = YES;
				CLANG_WARN_INT_CONVERSION = YES;
				CLANG_WARN_NON_LITERAL_NULL_CONVERSION = YES;
				CLANG_WARN_OBJC_IMPLICIT_RETAIN_SELF = YES;
				CLANG_WARN_OBJC_LITERAL_CONVERSION = YES;
				CLANG_WARN_OBJC_ROOT_CLASS = YES_ERROR;
				CLANG_WARN_RANGE_LOOP_ANALYSIS = YES;
				CLANG_WARN_STRICT_PROTOTYPES = YES;
				CLANG_WARN_SUSPICIOUS_MOVE = YES;
				CLANG_WARN_UNGUARDED_AVAILABILITY = YES_AGGRESSIVE;
				CLANG_WARN_UNREACHABLE_CODE = YES;
				CLANG_WARN__DUPLICATE_METHOD_MATCH = YES;
				COPY_PHASE_STRIP = NO;
				DEBUG_INFORMATION_FORMAT = "dwarf-with-dsym";
				ENABLE_NS_ASSERTIONS = NO;
				ENABLE_STRICT_OBJC_MSGSEND = YES;
				GCC_C_LANGUAGE_STANDARD = gnu11;
				GCC_NO_COMMON_BLOCKS = YES;
				GCC_WARN_64_TO_32_BIT_CONVERSION = YES;
				GCC_WARN_ABOUT_RETURN_TYPE = YES_ERROR;
				GCC_WARN_UNDECLARED_SELECTOR = YES;
				GCC_WARN_UNINITIALIZED_AUTOS = YES_AGGRESSIVE;
				GCC_WARN_UNUSED_FUNCTION = YES;
				GCC_WARN_UNUSED_VARIABLE = YES;
				IPHONEOS_DEPLOYMENT_TARGET = 13.1;
				MTL_ENABLE_DEBUG_INFO = NO;
				MTL_FAST_MATH = YES;
				SDKROOT = iphoneos;
				SWIFT_COMPILATION_MODE = wholemodule;
				SWIFT_OPTIMIZATION_LEVEL = "-O";
				VALIDATE_PRODUCT = YES;
			};
			name = Release;
		};
		22AC17F923AA670A00663D66 /* Debug */ = {
			isa = XCBuildConfiguration;
			baseConfigurationReference = 59976E6FA14E18F900D372BD /* Pods-Accepter.debug.xcconfig */;
			buildSettings = {
				ASSETCATALOG_COMPILER_APPICON_NAME = AppIcon;
				CODE_SIGN_STYLE = Automatic;
				DEVELOPMENT_TEAM = 63N8X22DA7;
				INFOPLIST_FILE = Accepter/Info.plist;
				LD_RUNPATH_SEARCH_PATHS = (
					"$(inherited)",
					"@executable_path/Frameworks",
				);
				PRODUCT_BUNDLE_IDENTIFIER = org1.Accepter;
				PRODUCT_NAME = "$(TARGET_NAME)";
				SWIFT_VERSION = 5.0;
				TARGETED_DEVICE_FAMILY = "1,2";
			};
			name = Debug;
		};
		22AC17FA23AA670A00663D66 /* Release */ = {
			isa = XCBuildConfiguration;
			baseConfigurationReference = 39A0FB098A56CF3027FCF052 /* Pods-Accepter.release.xcconfig */;
			buildSettings = {
				ASSETCATALOG_COMPILER_APPICON_NAME = AppIcon;
				CODE_SIGN_STYLE = Automatic;
				DEVELOPMENT_TEAM = 63N8X22DA7;
				INFOPLIST_FILE = Accepter/Info.plist;
				LD_RUNPATH_SEARCH_PATHS = (
					"$(inherited)",
					"@executable_path/Frameworks",
				);
				PRODUCT_BUNDLE_IDENTIFIER = org1.Accepter;
				PRODUCT_NAME = "$(TARGET_NAME)";
				SWIFT_VERSION = 5.0;
				TARGETED_DEVICE_FAMILY = "1,2";
			};
			name = Release;
		};
		22FDD0A023F4039F007F1224 /* Debug */ = {
			isa = XCBuildConfiguration;
			baseConfigurationReference = 651E1FDE479E623185A30D56 /* Pods-AccepterTests.debug.xcconfig */;
			buildSettings = {
				BUNDLE_LOADER = "$(TEST_HOST)";
				CODE_SIGN_STYLE = Automatic;
				DEVELOPMENT_TEAM = 63N8X22DA7;
				INFOPLIST_FILE = AccepterTests/Info.plist;
				IPHONEOS_DEPLOYMENT_TARGET = 13.1;
				LD_RUNPATH_SEARCH_PATHS = (
					"$(inherited)",
					"@executable_path/Frameworks",
					"@loader_path/Frameworks",
				);
				PRODUCT_BUNDLE_IDENTIFIER = org1.AccepterTests;
				PRODUCT_NAME = "$(TARGET_NAME)";
				SWIFT_VERSION = 5.0;
				TARGETED_DEVICE_FAMILY = "1,2";
				TEST_HOST = "$(BUILT_PRODUCTS_DIR)/Accepter.app/Accepter";
			};
			name = Debug;
		};
		22FDD0A123F4039F007F1224 /* Release */ = {
			isa = XCBuildConfiguration;
			baseConfigurationReference = 13E083BABD5D22B3F488F75F /* Pods-AccepterTests.release.xcconfig */;
			buildSettings = {
				BUNDLE_LOADER = "$(TEST_HOST)";
				CODE_SIGN_STYLE = Automatic;
				DEVELOPMENT_TEAM = 63N8X22DA7;
				INFOPLIST_FILE = AccepterTests/Info.plist;
				IPHONEOS_DEPLOYMENT_TARGET = 13.1;
				LD_RUNPATH_SEARCH_PATHS = (
					"$(inherited)",
					"@executable_path/Frameworks",
					"@loader_path/Frameworks",
				);
				PRODUCT_BUNDLE_IDENTIFIER = org1.AccepterTests;
				PRODUCT_NAME = "$(TARGET_NAME)";
				SWIFT_VERSION = 5.0;
				TARGETED_DEVICE_FAMILY = "1,2";
				TEST_HOST = "$(BUILT_PRODUCTS_DIR)/Accepter.app/Accepter";
			};
			name = Release;
		};
/* End XCBuildConfiguration section */

/* Begin XCConfigurationList section */
		224AAA3923F5676B009B9D1D /* Build configuration list for PBXNativeTarget "AccepterUITests" */ = {
			isa = XCConfigurationList;
			buildConfigurations = (
				224AAA3723F5676B009B9D1D /* Debug */,
				224AAA3823F5676B009B9D1D /* Release */,
			);
			defaultConfigurationIsVisible = 0;
			defaultConfigurationName = Release;
		};
		22AC17DF23AA670700663D66 /* Build configuration list for PBXProject "Accepter" */ = {
			isa = XCConfigurationList;
			buildConfigurations = (
				22AC17F623AA670A00663D66 /* Debug */,
				22AC17F723AA670A00663D66 /* Release */,
			);
			defaultConfigurationIsVisible = 0;
			defaultConfigurationName = Release;
		};
		22AC17F823AA670A00663D66 /* Build configuration list for PBXNativeTarget "Accepter" */ = {
			isa = XCConfigurationList;
			buildConfigurations = (
				22AC17F923AA670A00663D66 /* Debug */,
				22AC17FA23AA670A00663D66 /* Release */,
			);
			defaultConfigurationIsVisible = 0;
			defaultConfigurationName = Release;
		};
		22FDD0A223F4039F007F1224 /* Build configuration list for PBXNativeTarget "AccepterTests" */ = {
			isa = XCConfigurationList;
			buildConfigurations = (
				22FDD0A023F4039F007F1224 /* Debug */,
				22FDD0A123F4039F007F1224 /* Release */,
			);
			defaultConfigurationIsVisible = 0;
			defaultConfigurationName = Release;
		};
/* End XCConfigurationList section */
	};
	rootObject = 22AC17DC23AA670700663D66 /* Project object */;
}
